// !$*UTF8*$!
{
	archiveVersion = 1;
	classes = {
	};
	objectVersion = 56;
	objects = {

/* Begin PBXBuildFile section */
		850094B72AD5BDBB00B12797 /* NewTaskRowView.swift in Sources */ = {isa = PBXBuildFile; fileRef = 850094B62AD5BDBB00B12797 /* NewTaskRowView.swift */; };
		8592BE642AE9361400C94022 /* DetailTaskView.swift in Sources */ = {isa = PBXBuildFile; fileRef = 8592BE632AE9361400C94022 /* DetailTaskView.swift */; };
		85AEFF2A2ACC168C00BFD643 /* TaskView.swift in Sources */ = {isa = PBXBuildFile; fileRef = 85AEFF292ACC168C00BFD643 /* TaskView.swift */; };
		85BF3F1B2AD179A800E53918 /* Colors.swift in Sources */ = {isa = PBXBuildFile; fileRef = 85BF3F1A2AD179A800E53918 /* Colors.swift */; };
		85C8409D2AA9D6BD003D465B /* AddNewTaskView.swift in Sources */ = {isa = PBXBuildFile; fileRef = 85C8409C2AA9D6BD003D465B /* AddNewTaskView.swift */; };
		85D17C032AD176160012E5D0 /* CurrentDate.swift in Sources */ = {isa = PBXBuildFile; fileRef = 85D17C022AD176160012E5D0 /* CurrentDate.swift */; };
		85E0CB002AB8E167006E25B9 /* View+Extensions.swift in Sources */ = {isa = PBXBuildFile; fileRef = 85E0CAFF2AB8E167006E25B9 /* View+Extensions.swift */; };
		85F1267B2AA3A19000114CF3 /* TaskModel.swift in Sources */ = {isa = PBXBuildFile; fileRef = 85F1267A2AA3A19000114CF3 /* TaskModel.swift */; };
		85F1267D2AA3A47700114CF3 /* TaskRowView.swift in Sources */ = {isa = PBXBuildFile; fileRef = 85F1267C2AA3A47700114CF3 /* TaskRowView.swift */; };
		85F69FB02AA362CB0067A4B3 /* ToDoListApp.swift in Sources */ = {isa = PBXBuildFile; fileRef = 85F69FAF2AA362CB0067A4B3 /* ToDoListApp.swift */; };
		85F69FB22AA362CB0067A4B3 /* ContentView.swift in Sources */ = {isa = PBXBuildFile; fileRef = 85F69FB12AA362CB0067A4B3 /* ContentView.swift */; };
		85F69FB42AA362CD0067A4B3 /* Assets.xcassets in Resources */ = {isa = PBXBuildFile; fileRef = 85F69FB32AA362CD0067A4B3 /* Assets.xcassets */; };
		85F69FB72AA362CD0067A4B3 /* Preview Assets.xcassets in Resources */ = {isa = PBXBuildFile; fileRef = 85F69FB62AA362CD0067A4B3 /* Preview Assets.xcassets */; };
		85F69FC12AA3652B0067A4B3 /* Date+Extensions.swift in Sources */ = {isa = PBXBuildFile; fileRef = 85F69FC02AA3652B0067A4B3 /* Date+Extensions.swift */; };
/* End PBXBuildFile section */

/* Begin PBXFileReference section */
		850094B62AD5BDBB00B12797 /* NewTaskRowView.swift */ = {isa = PBXFileReference; lastKnownFileType = sourcecode.swift; path = NewTaskRowView.swift; sourceTree = "<group>"; };
		8592BE632AE9361400C94022 /* DetailTaskView.swift */ = {isa = PBXFileReference; lastKnownFileType = sourcecode.swift; path = DetailTaskView.swift; sourceTree = "<group>"; };
		85AEFF292ACC168C00BFD643 /* TaskView.swift */ = {isa = PBXFileReference; lastKnownFileType = sourcecode.swift; path = TaskView.swift; sourceTree = "<group>"; };
		85BF3F1A2AD179A800E53918 /* Colors.swift */ = {isa = PBXFileReference; lastKnownFileType = sourcecode.swift; path = Colors.swift; sourceTree = "<group>"; };
		85C8409C2AA9D6BD003D465B /* AddNewTaskView.swift */ = {isa = PBXFileReference; lastKnownFileType = sourcecode.swift; path = AddNewTaskView.swift; sourceTree = "<group>"; };
		85D17C022AD176160012E5D0 /* CurrentDate.swift */ = {isa = PBXFileReference; lastKnownFileType = sourcecode.swift; path = CurrentDate.swift; sourceTree = "<group>"; };
		85E0CAFF2AB8E167006E25B9 /* View+Extensions.swift */ = {isa = PBXFileReference; lastKnownFileType = sourcecode.swift; path = "View+Extensions.swift"; sourceTree = "<group>"; };
		85F1267A2AA3A19000114CF3 /* TaskModel.swift */ = {isa = PBXFileReference; lastKnownFileType = sourcecode.swift; path = TaskModel.swift; sourceTree = "<group>"; };
		85F1267C2AA3A47700114CF3 /* TaskRowView.swift */ = {isa = PBXFileReference; lastKnownFileType = sourcecode.swift; path = TaskRowView.swift; sourceTree = "<group>"; };
		85F69FAC2AA362CB0067A4B3 /* ToDoList.app */ = {isa = PBXFileReference; explicitFileType = wrapper.application; includeInIndex = 0; path = ToDoList.app; sourceTree = BUILT_PRODUCTS_DIR; };
		85F69FAF2AA362CB0067A4B3 /* ToDoListApp.swift */ = {isa = PBXFileReference; lastKnownFileType = sourcecode.swift; path = ToDoListApp.swift; sourceTree = "<group>"; };
		85F69FB12AA362CB0067A4B3 /* ContentView.swift */ = {isa = PBXFileReference; lastKnownFileType = sourcecode.swift; path = ContentView.swift; sourceTree = "<group>"; };
		85F69FB32AA362CD0067A4B3 /* Assets.xcassets */ = {isa = PBXFileReference; lastKnownFileType = folder.assetcatalog; path = Assets.xcassets; sourceTree = "<group>"; };
		85F69FB62AA362CD0067A4B3 /* Preview Assets.xcassets */ = {isa = PBXFileReference; lastKnownFileType = folder.assetcatalog; path = "Preview Assets.xcassets"; sourceTree = "<group>"; };
		85F69FC02AA3652B0067A4B3 /* Date+Extensions.swift */ = {isa = PBXFileReference; lastKnownFileType = sourcecode.swift; path = "Date+Extensions.swift"; sourceTree = "<group>"; };
/* End PBXFileReference section */

/* Begin PBXFrameworksBuildPhase section */
		85F69FA92AA362CB0067A4B3 /* Frameworks */ = {
			isa = PBXFrameworksBuildPhase;
			buildActionMask = 2147483647;
			files = (
			);
			runOnlyForDeploymentPostprocessing = 0;
		};
/* End PBXFrameworksBuildPhase section */

/* Begin PBXGroup section */
		85F126792AA3A18100114CF3 /* Model */ = {
			isa = PBXGroup;
			children = (
				85F1267A2AA3A19000114CF3 /* TaskModel.swift */,
			);
			path = Model;
			sourceTree = "<group>";
		};
		85F1267E2AA3A48D00114CF3 /* View */ = {
			isa = PBXGroup;
			children = (
				85F69FB12AA362CB0067A4B3 /* ContentView.swift */,
				85F1267C2AA3A47700114CF3 /* TaskRowView.swift */,
				85C8409C2AA9D6BD003D465B /* AddNewTaskView.swift */,
				85AEFF292ACC168C00BFD643 /* TaskView.swift */,
				850094B62AD5BDBB00B12797 /* NewTaskRowView.swift */,
				8592BE632AE9361400C94022 /* DetailTaskView.swift */,
			);
			path = View;
			sourceTree = "<group>";
		};
		85F69FA32AA362CB0067A4B3 = {
			isa = PBXGroup;
			children = (
				85F69FAE2AA362CB0067A4B3 /* ToDoList */,
				85F69FAD2AA362CB0067A4B3 /* Products */,
			);
			sourceTree = "<group>";
		};
		85F69FAD2AA362CB0067A4B3 /* Products */ = {
			isa = PBXGroup;
			children = (
				85F69FAC2AA362CB0067A4B3 /* ToDoList.app */,
			);
			name = Products;
			sourceTree = "<group>";
		};
		85F69FAE2AA362CB0067A4B3 /* ToDoList */ = {
			isa = PBXGroup;
			children = (
				85F1267E2AA3A48D00114CF3 /* View */,
				85F126792AA3A18100114CF3 /* Model */,
				85F69FBF2AA365180067A4B3 /* Helpers */,
				85F69FAF2AA362CB0067A4B3 /* ToDoListApp.swift */,
				85F69FB32AA362CD0067A4B3 /* Assets.xcassets */,
				85F69FB52AA362CD0067A4B3 /* Preview Content */,
			);
			path = ToDoList;
			sourceTree = "<group>";
		};
		85F69FB52AA362CD0067A4B3 /* Preview Content */ = {
			isa = PBXGroup;
			children = (
				85F69FB62AA362CD0067A4B3 /* Preview Assets.xcassets */,
			);
			path = "Preview Content";
			sourceTree = "<group>";
		};
		85F69FBF2AA365180067A4B3 /* Helpers */ = {
			isa = PBXGroup;
			children = (
				85F69FC02AA3652B0067A4B3 /* Date+Extensions.swift */,
				85E0CAFF2AB8E167006E25B9 /* View+Extensions.swift */,
				85D17C022AD176160012E5D0 /* CurrentDate.swift */,
				85BF3F1A2AD179A800E53918 /* Colors.swift */,
			);
			path = Helpers;
			sourceTree = "<group>";
		};
/* End PBXGroup section */

/* Begin PBXNativeTarget section */
		85F69FAB2AA362CB0067A4B3 /* ToDoList */ = {
			isa = PBXNativeTarget;
			buildConfigurationList = 85F69FBA2AA362CD0067A4B3 /* Build configuration list for PBXNativeTarget "ToDoList" */;
			buildPhases = (
				85F69FA82AA362CB0067A4B3 /* Sources */,
				85F69FA92AA362CB0067A4B3 /* Frameworks */,
				85F69FAA2AA362CB0067A4B3 /* Resources */,
			);
			buildRules = (
			);
			dependencies = (
			);
			name = ToDoList;
			productName = ToDoList;
			productReference = 85F69FAC2AA362CB0067A4B3 /* ToDoList.app */;
			productType = "com.apple.product-type.application";
		};
/* End PBXNativeTarget section */

/* Begin PBXProject section */
		85F69FA42AA362CB0067A4B3 /* Project object */ = {
			isa = PBXProject;
			attributes = {
				BuildIndependentTargetsInParallel = 1;
				LastSwiftUpdateCheck = 1430;
				LastUpgradeCheck = 1500;
				TargetAttributes = {
					85F69FAB2AA362CB0067A4B3 = {
						CreatedOnToolsVersion = 14.3.1;
					};
				};
			};
			buildConfigurationList = 85F69FA72AA362CB0067A4B3 /* Build configuration list for PBXProject "ToDoList" */;
			compatibilityVersion = "Xcode 14.0";
			developmentRegion = en;
			hasScannedForEncodings = 0;
			knownRegions = (
				en,
				Base,
			);
			mainGroup = 85F69FA32AA362CB0067A4B3;
			productRefGroup = 85F69FAD2AA362CB0067A4B3 /* Products */;
			projectDirPath = "";
			projectRoot = "";
			targets = (
				85F69FAB2AA362CB0067A4B3 /* ToDoList */,
			);
		};
/* End PBXProject section */

/* Begin PBXResourcesBuildPhase section */
		85F69FAA2AA362CB0067A4B3 /* Resources */ = {
			isa = PBXResourcesBuildPhase;
			buildActionMask = 2147483647;
			files = (
				85F69FB72AA362CD0067A4B3 /* Preview Assets.xcassets in Resources */,
				85F69FB42AA362CD0067A4B3 /* Assets.xcassets in Resources */,
			);
			runOnlyForDeploymentPostprocessing = 0;
		};
/* End PBXResourcesBuildPhase section */

/* Begin PBXSourcesBuildPhase section */
		85F69FA82AA362CB0067A4B3 /* Sources */ = {
			isa = PBXSourcesBuildPhase;
			buildActionMask = 2147483647;
			files = (
				85AEFF2A2ACC168C00BFD643 /* TaskView.swift in Sources */,
				85BF3F1B2AD179A800E53918 /* Colors.swift in Sources */,
				85C8409D2AA9D6BD003D465B /* AddNewTaskView.swift in Sources */,
				850094B72AD5BDBB00B12797 /* NewTaskRowView.swift in Sources */,
				85F1267D2AA3A47700114CF3 /* TaskRowView.swift in Sources */,
				85F69FB22AA362CB0067A4B3 /* ContentView.swift in Sources */,
				85D17C032AD176160012E5D0 /* CurrentDate.swift in Sources */,
				85E0CB002AB8E167006E25B9 /* View+Extensions.swift in Sources */,
				8592BE642AE9361400C94022 /* DetailTaskView.swift in Sources */,
				85F69FB02AA362CB0067A4B3 /* ToDoListApp.swift in Sources */,
				85F1267B2AA3A19000114CF3 /* TaskModel.swift in Sources */,
				85F69FC12AA3652B0067A4B3 /* Date+Extensions.swift in Sources */,
			);
			runOnlyForDeploymentPostprocessing = 0;
		};
/* End PBXSourcesBuildPhase section */

/* Begin XCBuildConfiguration section */
		85F69FB82AA362CD0067A4B3 /* Debug */ = {
			isa = XCBuildConfiguration;
			buildSettings = {
				ALWAYS_SEARCH_USER_PATHS = NO;
				CLANG_ANALYZER_NONNULL = YES;
				CLANG_ANALYZER_NUMBER_OBJECT_CONVERSION = YES_AGGRESSIVE;
				CLANG_CXX_LANGUAGE_STANDARD = "gnu++20";
				CLANG_ENABLE_MODULES = YES;
				CLANG_ENABLE_OBJC_ARC = YES;
				CLANG_ENABLE_OBJC_WEAK = YES;
				CLANG_WARN_BLOCK_CAPTURE_AUTORELEASING = YES;
				CLANG_WARN_BOOL_CONVERSION = YES;
				CLANG_WARN_COMMA = YES;
				CLANG_WARN_CONSTANT_CONVERSION = YES;
				CLANG_WARN_DEPRECATED_OBJC_IMPLEMENTATIONS = YES;
				CLANG_WARN_DIRECT_OBJC_ISA_USAGE = YES_ERROR;
				CLANG_WARN_DOCUMENTATION_COMMENTS = YES;
				CLANG_WARN_EMPTY_BODY = YES;
				CLANG_WARN_ENUM_CONVERSION = YES;
				CLANG_WARN_INFINITE_RECURSION = YES;
				CLANG_WARN_INT_CONVERSION = YES;
				CLANG_WARN_NON_LITERAL_NULL_CONVERSION = YES;
				CLANG_WARN_OBJC_IMPLICIT_RETAIN_SELF = YES;
				CLANG_WARN_OBJC_LITERAL_CONVERSION = YES;
				CLANG_WARN_OBJC_ROOT_CLASS = YES_ERROR;
				CLANG_WARN_QUOTED_INCLUDE_IN_FRAMEWORK_HEADER = YES;
				CLANG_WARN_RANGE_LOOP_ANALYSIS = YES;
				CLANG_WARN_STRICT_PROTOTYPES = YES;
				CLANG_WARN_SUSPICIOUS_MOVE = YES;
				CLANG_WARN_UNGUARDED_AVAILABILITY = YES_AGGRESSIVE;
				CLANG_WARN_UNREACHABLE_CODE = YES;
				CLANG_WARN__DUPLICATE_METHOD_MATCH = YES;
				COPY_PHASE_STRIP = NO;
				DEBUG_INFORMATION_FORMAT = dwarf;
				ENABLE_STRICT_OBJC_MSGSEND = YES;
				ENABLE_TESTABILITY = YES;
				ENABLE_USER_SCRIPT_SANDBOXING = YES;
				GCC_C_LANGUAGE_STANDARD = gnu11;
				GCC_DYNAMIC_NO_PIC = NO;
				GCC_NO_COMMON_BLOCKS = YES;
				GCC_OPTIMIZATION_LEVEL = 0;
				GCC_PREPROCESSOR_DEFINITIONS = (
					"DEBUG=1",
					"$(inherited)",
				);
				GCC_WARN_64_TO_32_BIT_CONVERSION = YES;
				GCC_WARN_ABOUT_RETURN_TYPE = YES_ERROR;
				GCC_WARN_UNDECLARED_SELECTOR = YES;
				GCC_WARN_UNINITIALIZED_AUTOS = YES_AGGRESSIVE;
				GCC_WARN_UNUSED_FUNCTION = YES;
				GCC_WARN_UNUSED_VARIABLE = YES;
				IPHONEOS_DEPLOYMENT_TARGET = 17.0;
				MTL_ENABLE_DEBUG_INFO = INCLUDE_SOURCE;
				MTL_FAST_MATH = YES;
				ONLY_ACTIVE_ARCH = YES;
				SDKROOT = iphoneos;
				SWIFT_ACTIVE_COMPILATION_CONDITIONS = DEBUG;
				SWIFT_OPTIMIZATION_LEVEL = "-Onone";
			};
			name = Debug;
		};
		85F69FB92AA362CD0067A4B3 /* Release */ = {
			isa = XCBuildConfiguration;
			buildSettings = {
				ALWAYS_SEARCH_USER_PATHS = NO;
				CLANG_ANALYZER_NONNULL = YES;
				CLANG_ANALYZER_NUMBER_OBJECT_CONVERSION = YES_AGGRESSIVE;
				CLANG_CXX_LANGUAGE_STANDARD = "gnu++20";
				CLANG_ENABLE_MODULES = YES;
				CLANG_ENABLE_OBJC_ARC = YES;
				CLANG_ENABLE_OBJC_WEAK = YES;
				CLANG_WARN_BLOCK_CAPTURE_AUTORELEASING = YES;
				CLANG_WARN_BOOL_CONVERSION = YES;
				CLANG_WARN_COMMA = YES;
				CLANG_WARN_CONSTANT_CONVERSION = YES;
				CLANG_WARN_DEPRECATED_OBJC_IMPLEMENTATIONS = YES;
				CLANG_WARN_DIRECT_OBJC_ISA_USAGE = YES_ERROR;
				CLANG_WARN_DOCUMENTATION_COMMENTS = YES;
				CLANG_WARN_EMPTY_BODY = YES;
				CLANG_WARN_ENUM_CONVERSION = YES;
				CLANG_WARN_INFINITE_RECURSION = YES;
				CLANG_WARN_INT_CONVERSION = YES;
				CLANG_WARN_NON_LITERAL_NULL_CONVERSION = YES;
				CLANG_WARN_OBJC_IMPLICIT_RETAIN_SELF = YES;
				CLANG_WARN_OBJC_LITERAL_CONVERSION = YES;
				CLANG_WARN_OBJC_ROOT_CLASS = YES_ERROR;
				CLANG_WARN_QUOTED_INCLUDE_IN_FRAMEWORK_HEADER = YES;
				CLANG_WARN_RANGE_LOOP_ANALYSIS = YES;
				CLANG_WARN_STRICT_PROTOTYPES = YES;
				CLANG_WARN_SUSPICIOUS_MOVE = YES;
				CLANG_WARN_UNGUARDED_AVAILABILITY = YES_AGGRESSIVE;
				CLANG_WARN_UNREACHABLE_CODE = YES;
				CLANG_WARN__DUPLICATE_METHOD_MATCH = YES;
				COPY_PHASE_STRIP = NO;
				DEBUG_INFORMATION_FORMAT = "dwarf-with-dsym";
				ENABLE_NS_ASSERTIONS = NO;
				ENABLE_STRICT_OBJC_MSGSEND = YES;
				ENABLE_USER_SCRIPT_SANDBOXING = YES;
				GCC_C_LANGUAGE_STANDARD = gnu11;
				GCC_NO_COMMON_BLOCKS = YES;
				GCC_WARN_64_TO_32_BIT_CONVERSION = YES;
				GCC_WARN_ABOUT_RETURN_TYPE = YES_ERROR;
				GCC_WARN_UNDECLARED_SELECTOR = YES;
				GCC_WARN_UNINITIALIZED_AUTOS = YES_AGGRESSIVE;
				GCC_WARN_UNUSED_FUNCTION = YES;
				GCC_WARN_UNUSED_VARIABLE = YES;
				IPHONEOS_DEPLOYMENT_TARGET = 17.0;
				MTL_ENABLE_DEBUG_INFO = NO;
				MTL_FAST_MATH = YES;
				SDKROOT = iphoneos;
				SWIFT_COMPILATION_MODE = wholemodule;
				SWIFT_OPTIMIZATION_LEVEL = "-O";
				VALIDATE_PRODUCT = YES;
			};
			name = Release;
		};
		85F69FBB2AA362CD0067A4B3 /* Debug */ = {
			isa = XCBuildConfiguration;
			buildSettings = {
				ASSETCATALOG_COMPILER_APPICON_NAME = AppIcon;
				ASSETCATALOG_COMPILER_GLOBAL_ACCENT_COLOR_NAME = AccentColor;
				CODE_SIGN_STYLE = Automatic;
				CURRENT_PROJECT_VERSION = 1;
				DEVELOPMENT_ASSET_PATHS = "\"ToDoList/Preview Content\"";
				DEVELOPMENT_TEAM = Q3939MPD4F;
				ENABLE_PREVIEWS = YES;
				GENERATE_INFOPLIST_FILE = YES;
				INFOPLIST_KEY_UIApplicationSceneManifest_Generation = YES;
				INFOPLIST_KEY_UIApplicationSupportsIndirectInputEvents = YES;
				INFOPLIST_KEY_UILaunchScreen_Generation = YES;
				INFOPLIST_KEY_UISupportedInterfaceOrientations_iPad = "UIInterfaceOrientationPortrait UIInterfaceOrientationPortraitUpsideDown UIInterfaceOrientationLandscapeLeft UIInterfaceOrientationLandscapeRight";
				INFOPLIST_KEY_UISupportedInterfaceOrientations_iPhone = "UIInterfaceOrientationPortrait UIInterfaceOrientationLandscapeLeft UIInterfaceOrientationLandscapeRight";
				IPHONEOS_DEPLOYMENT_TARGET = 17.0;
				LD_RUNPATH_SEARCH_PATHS = (
					"$(inherited)",
					"@executable_path/Frameworks",
				);
				MARKETING_VERSION = 1.0;
				PRODUCT_BUNDLE_IDENTIFIER = Stanislav.ToDoList;
				PRODUCT_NAME = "$(TARGET_NAME)";
				SWIFT_EMIT_LOC_STRINGS = YES;
				SWIFT_VERSION = 5.0;
				TARGETED_DEVICE_FAMILY = "1,2";
			};
			name = Debug;
		};
		85F69FBC2AA362CD0067A4B3 /* Release */ = {
			isa = XCBuildConfiguration;
			buildSettings = {
				ASSETCATALOG_COMPILER_APPICON_NAME = AppIcon;
				ASSETCATALOG_COMPILER_GLOBAL_ACCENT_COLOR_NAME = AccentColor;
				CODE_SIGN_STYLE = Automatic;
				CURRENT_PROJECT_VERSION = 1;
				DEVELOPMENT_ASSET_PATHS = "\"ToDoList/Preview Content\"";
				DEVELOPMENT_TEAM = Q3939MPD4F;
				ENABLE_PREVIEWS = YES;
				GENERATE_INFOPLIST_FILE = YES;
				INFOPLIST_KEY_UIApplicationSceneManifest_Generation = YES;
				INFOPLIST_KEY_UIApplicationSupportsIndirectInputEvents = YES;
				INFOPLIST_KEY_UILaunchScreen_Generation = YES;
				INFOPLIST_KEY_UISupportedInterfaceOrientations_iPad = "UIInterfaceOrientationPortrait UIInterfaceOrientationPortraitUpsideDown UIInterfaceOrientationLandscapeLeft UIInterfaceOrientationLandscapeRight";
				INFOPLIST_KEY_UISupportedInterfaceOrientations_iPhone = "UIInterfaceOrientationPortrait UIInterfaceOrientationLandscapeLeft UIInterfaceOrientationLandscapeRight";
				IPHONEOS_DEPLOYMENT_TARGET = 17.0;
				LD_RUNPATH_SEARCH_PATHS = (
					"$(inherited)",
					"@executable_path/Frameworks",
				);
				MARKETING_VERSION = 1.0;
				PRODUCT_BUNDLE_IDENTIFIER = Stanislav.ToDoList;
				PRODUCT_NAME = "$(TARGET_NAME)";
				SWIFT_EMIT_LOC_STRINGS = YES;
				SWIFT_VERSION = 5.0;
				TARGETED_DEVICE_FAMILY = "1,2";
			};
			name = Release;
		};
/* End XCBuildConfiguration section */

/* Begin XCConfigurationList section */
		85F69FA72AA362CB0067A4B3 /* Build configuration list for PBXProject "ToDoList" */ = {
			isa = XCConfigurationList;
			buildConfigurations = (
				85F69FB82AA362CD0067A4B3 /* Debug */,
				85F69FB92AA362CD0067A4B3 /* Release */,
			);
			defaultConfigurationIsVisible = 0;
			defaultConfigurationName = Release;
		};
		85F69FBA2AA362CD0067A4B3 /* Build configuration list for PBXNativeTarget "ToDoList" */ = {
			isa = XCConfigurationList;
			buildConfigurations = (
				85F69FBB2AA362CD0067A4B3 /* Debug */,
				85F69FBC2AA362CD0067A4B3 /* Release */,
			);
			defaultConfigurationIsVisible = 0;
			defaultConfigurationName = Release;
		};
/* End XCConfigurationList section */
	};
	rootObject = 85F69FA42AA362CB0067A4B3 /* Project object */;
}
